
Microsoft Visual Studio Solution File, Format Version 12.00
# Visual Studio 2013
VisualStudioVersion = 12.0.31101.0
MinimumVisualStudioVersion = 10.0.40219.1
Project("{FAE04EC0-301F-11D3-BF4B-00C04F79EFBC}") = "GaleriaArte", "GaleriaArte\GaleriaArte.csproj", "{A18D7E88-A74B-467D-8C99-91D7F1020A52}"
EndProject
Project("{F088123C-0E9E-452A-89E6-6BA2F21D5CAC}") = "ModelingProject1", "ModelingProject1\ModelingProject1.modelproj", "{17FEC7BC-3198-4F7B-8A4B-40C6CE238DF9}"
EndProject
Global
	GlobalSection(SolutionConfigurationPlatforms) = preSolution
		Debug|Any CPU = Debug|Any CPU
		Debug|x86 = Debug|x86
		Release|Any CPU = Release|Any CPU
		Release|x86 = Release|x86
	EndGlobalSection
	GlobalSection(ProjectConfigurationPlatforms) = postSolution
		{A18D7E88-A74B-467D-8C99-91D7F1020A52}.Debug|Any CPU.ActiveCfg = Debug|Any CPU
		{A18D7E88-A74B-467D-8C99-91D7F1020A52}.Debug|Any CPU.Build.0 = Debug|Any CPU
		{A18D7E88-A74B-467D-8C99-91D7F1020A52}.Debug|x86.ActiveCfg = Debug|x86
		{A18D7E88-A74B-467D-8C99-91D7F1020A52}.Debug|x86.Build.0 = Debug|x86
		{A18D7E88-A74B-467D-8C99-91D7F1020A52}.Release|Any CPU.ActiveCfg = Release|Any CPU
		{A18D7E88-A74B-467D-8C99-91D7F1020A52}.Release|Any CPU.Build.0 = Release|Any CPU
		{A18D7E88-A74B-467D-8C99-91D7F1020A52}.Release|x86.ActiveCfg = Release|x86
		{A18D7E88-A74B-467D-8C99-91D7F1020A52}.Release|x86.Build.0 = Release|x86
		{17FEC7BC-3198-4F7B-8A4B-40C6CE238DF9}.Debug|Any CPU.ActiveCfg = Debug|Any CPU
		{17FEC7BC-3198-4F7B-8A4B-40C6CE238DF9}.Debug|Any CPU.Build.0 = Debug|Any CPU
		{17FEC7BC-3198-4F7B-8A4B-40C6CE238DF9}.Debug|x86.ActiveCfg = Debug|Any CPU
		{17FEC7BC-3198-4F7B-8A4B-40C6CE238DF9}.Release|Any CPU.ActiveCfg = Release|Any CPU
		{17FEC7BC-3198-4F7B-8A4B-40C6CE238DF9}.Release|Any CPU.Build.0 = Release|Any CPU
		{17FEC7BC-3198-4F7B-8A4B-40C6CE238DF9}.Release|x86.ActiveCfg = Release|Any CPU
	EndGlobalSection
	GlobalSection(SolutionProperties) = preSolution
		HideSolutionNode = FALSE
	EndGlobalSection
EndGlobal
